<?xml version="1.0" encoding="utf-8"?>
<Project ToolsVersion="4.0" xmlns="http://schemas.microsoft.com/developer/msbuild/2003">
  <ItemGroup>
    <Filter Include="源文件">
      <UniqueIdentifier>{4FC737F1-C7A5-4376-A066-2A32D752A2FF}</UniqueIdentifier>
      <Extensions>cpp;c;cc;cxx;def;odl;idl;hpj;bat;asm;asmx</Extensions>
    </Filter>
    <Filter Include="头文件">
      <UniqueIdentifier>{93995380-89BD-4b04-88EB-625FBE52EBFB}</UniqueIdentifier>
      <Extensions>h;hh;hpp;hxx;hm;inl;inc;xsd</Extensions>
    </Filter>
    <Filter Include="资源文件">
      <UniqueIdentifier>{67DA6AB6-F800-4c08-8B7A-83BB121AAD01}</UniqueIdentifier>
      <Extensions>rc;ico;cur;bmp;dlg;rc2;rct;bin;rgs;gif;jpg;jpeg;jpe;resx;tiff;tif;png;wav;mfcribbon-ms</Extensions>
    </Filter>
    <Filter Include="dependence">
      <UniqueIdentifier>{8c2f3aca-d50b-453b-bf29-71b702b03b6f}</UniqueIdentifier>
    </Filter>
  </ItemGroup>
  <ItemGroup>
    <Text Include="ReadMe.txt" />
  </ItemGroup>
  <ItemGroup>
    <ClInclude Include="define.h">
      <Filter>头文件</Filter>
    </ClInclude>
    <ClInclude Include="MessageBox.h">
      <Filter>头文件</Filter>
    </ClInclude>
    <ClInclude Include="SdkManager.h">
      <Filter>头文件</Filter>
    </ClInclude>
    <ClInclude Include="ToolbarMenu.h">
      <Filter>头文件</Filter>
    </ClInclude>
    <ClInclude Include="util.h">
      <Filter>头文件</Filter>
    </ClInclude>
    <ClInclude Include="ConfigParser.h">
      <Filter>头文件</Filter>
    </ClInclude>
    <ClInclude Include="UIMenu.h">
      <Filter>dependence</Filter>
    </ClInclude>
    <ClInclude Include="UICrack.h">
      <Filter>dependence</Filter>
    </ClInclude>
    <ClInclude Include="tinyxml2.h">
      <Filter>dependence</Filter>
    </ClInclude>
    <ClInclude Include="observer_impl_base.hpp">
      <Filter>dependence</Filter>
    </ClInclude>
    <ClInclude Include="fsp_token.h">
      <Filter>dependence</Filter>
    </ClInclude>
    <ClInclude Include="stdafx.h">
      <Filter>dependence</Filter>
    </ClInclude>
    <ClInclude Include="Resource.h">
      <Filter>dependence</Filter>
    </ClInclude>
    <ClInclude Include="targetver.h">
      <Filter>dependence</Filter>
    </ClInclude>
    <ClInclude Include="UserStateWnd.h">
      <Filter>头文件</Filter>
    </ClInclude>
    <ClInclude Include="UIVideoPanel.h">
      <Filter>头文件</Filter>
    </ClInclude>
    <ClInclude Include="UIVideoPanelLayout.h">
      <Filter>头文件</Filter>
    </ClInclude>
    <ClInclude Include="AppConfigWnd.h">
      <Filter>头文件</Filter>
    </ClInclude>
    <ClInclude Include="MeetingMainWnd.h">
      <Filter>头文件</Filter>
    </ClInclude>
    <ClInclude Include="LoginWnd.h">
      <Filter>头文件</Filter>
    </ClInclude>
    <ClInclude Include="SettingWnd.h">
      <Filter>头文件</Filter>
    </ClInclude>
    <ClInclude Include="SpeakerSettingWnd.h">
      <Filter>头文件</Filter>
    </ClInclude>
    <ClInclude Include="BoardCreateWnd.h">
      <Filter>头文件</Filter>
    </ClInclude>
    <ClInclude Include="BoardToolbarWnd.h">
      <Filter>头文件</Filter>
    </ClInclude>
    <ClInclude Include="UIBoardPanel.h">
      <Filter>头文件</Filter>
    </ClInclude>
  </ItemGroup>
  <ItemGroup>
    <ClCompile Include="MessageBox.cpp">
      <Filter>源文件</Filter>
    </ClCompile>
    <ClCompile Include="SdkManager.cpp">
      <Filter>源文件</Filter>
    </ClCompile>
    <ClCompile Include="ToolbarMenu.cpp">
      <Filter>源文件</Filter>
    </ClCompile>
    <ClCompile Include="ConfigParser.cpp">
      <Filter>源文件</Filter>
    </ClCompile>
    <ClCompile Include="aes.cpp">
      <Filter>dependence</Filter>
    </ClCompile>
    <ClCompile Include="tinyxml2.cpp">
      <Filter>dependence</Filter>
    </ClCompile>
    <ClCompile Include="UICrack.cpp">
      <Filter>dependence</Filter>
    </ClCompile>
    <ClCompile Include="UIMenu.cpp">
      <Filter>dependence</Filter>
    </ClCompile>
    <ClCompile Include="stdafx.cpp">
      <Filter>dependence</Filter>
    </ClCompile>
    <ClCompile Include="UserStateWnd.cpp">
      <Filter>源文件</Filter>
    </ClCompile>
    <ClCompile Include="UIVideoPanel.cpp">
      <Filter>源文件</Filter>
    </ClCompile>
    <ClCompile Include="UIVideoPanelLayout.cpp">
      <Filter>源文件</Filter>
    </ClCompile>
    <ClCompile Include="AppConfigWnd.cpp">
      <Filter>源文件</Filter>
    </ClCompile>
    <ClCompile Include="LoginWnd.cpp">
      <Filter>源文件</Filter>
    </ClCompile>
    <ClCompile Include="SettingWnd.cpp">
      <Filter>源文件</Filter>
    </ClCompile>
    <ClCompile Include="MeetingMainWnd.cpp">
      <Filter>源文件</Filter>
    </ClCompile>
    <ClCompile Include="main.cpp">
      <Filter>源文件</Filter>
    </ClCompile>
    <ClCompile Include="SpeakerSettingWnd.cpp">
      <Filter>源文件</Filter>
    </ClCompile>
    <ClCompile Include="BoardCreateWnd.cpp">
      <Filter>源文件</Filter>
    </ClCompile>
    <ClCompile Include="BoardToolbarWnd.cpp">
      <Filter>源文件</Filter>
    </ClCompile>
    <ClCompile Include="UIBoardPanel.cpp">
      <Filter>源文件</Filter>
    </ClCompile>
  </ItemGroup>
  <ItemGroup>
    <ResourceCompile Include="meetingdemo.rc">
      <Filter>资源文件</Filter>
    </ResourceCompile>
  </ItemGroup>
  <ItemGroup>
    <Image Include="..\Debug\skin\img\windows.ico">
      <Filter>资源文件</Filter>
    </Image>
  </ItemGroup>
</Project>