<?xml version="1.0" encoding="utf-8"?>
<Project ToolsVersion="4.0" xmlns="http://schemas.microsoft.com/developer/msbuild/2003">
  <ItemGroup>
    <Filter Include="源文件">
      <UniqueIdentifier>{4FC737F1-C7A5-4376-A066-2A32D752A2FF}</UniqueIdentifier>
      <Extensions>cpp;c;cc;cxx;def;odl;idl;hpj;bat;asm;asmx</Extensions>
    </Filter>
    <Filter Include="头文件">
      <UniqueIdentifier>{93995380-89BD-4b04-88EB-625FBE52EBFB}</UniqueIdentifier>
      <Extensions>h;hh;hpp;hxx;hm;inl;inc;xsd</Extensions>
    </Filter>
    <Filter Include="资源文件">
      <UniqueIdentifier>{67DA6AB6-F800-4c08-8B7A-83BB121AAD01}</UniqueIdentifier>
      <Extensions>rc;ico;cur;bmp;dlg;rc2;rct;bin;rgs;gif;jpg;jpeg;jpe;resx;tiff;tif;png;wav;mfcribbon-ms</Extensions>
    </Filter>
    <Filter Include="dependence">
      <UniqueIdentifier>{8c2f3aca-d50b-453b-bf29-71b702b03b6f}</UniqueIdentifier>
    </Filter>
  </ItemGroup>
  <ItemGroup>
    <Text Include="ReadMe.txt" />
  </ItemGroup>
  <ItemGroup>
    <ClInclude Include="define.h">
      <Filter>头文件</Filter>
    </ClInclude>
    <ClInclude Include="DisplayVideoWnd.h">
      <Filter>头文件</Filter>
    </ClInclude>
    <ClInclude Include="DuiFrameWnd.h">
      <Filter>头文件</Filter>
    </ClInclude>
    <ClInclude Include="DuiLoginErrorWnd.h">
      <Filter>头文件</Filter>
    </ClInclude>
    <ClInclude Include="DuiLoginWaitWnd.h">
      <Filter>头文件</Filter>
    </ClInclude>
    <ClInclude Include="DuiLoginWnd.h">
      <Filter>头文件</Filter>
    </ClInclude>
    <ClInclude Include="DuiSettingWnd.h">
      <Filter>头文件</Filter>
    </ClInclude>
    <ClInclude Include="FloatWnd.h">
      <Filter>头文件</Filter>
    </ClInclude>
    <ClInclude Include="MessageBox.h">
      <Filter>头文件</Filter>
    </ClInclude>
    <ClInclude Include="SdkManager.h">
      <Filter>头文件</Filter>
    </ClInclude>
    <ClInclude Include="ToolbarMenu.h">
      <Filter>头文件</Filter>
    </ClInclude>
    <ClInclude Include="util.h">
      <Filter>头文件</Filter>
    </ClInclude>
    <ClInclude Include="VideoWndMgr.h">
      <Filter>头文件</Filter>
    </ClInclude>
    <ClInclude Include="ConfigParser.h">
      <Filter>头文件</Filter>
    </ClInclude>
    <ClInclude Include="UIMenu.h">
      <Filter>dependence</Filter>
    </ClInclude>
    <ClInclude Include="UICrack.h">
      <Filter>dependence</Filter>
    </ClInclude>
    <ClInclude Include="tinyxml2.h">
      <Filter>dependence</Filter>
    </ClInclude>
    <ClInclude Include="observer_impl_base.hpp">
      <Filter>dependence</Filter>
    </ClInclude>
    <ClInclude Include="fsp_token.h">
      <Filter>dependence</Filter>
    </ClInclude>
    <ClInclude Include="stdafx.h">
      <Filter>dependence</Filter>
    </ClInclude>
    <ClInclude Include="Resource.h">
      <Filter>dependence</Filter>
    </ClInclude>
    <ClInclude Include="targetver.h">
      <Filter>dependence</Filter>
    </ClInclude>
    <ClInclude Include="MediaInfoWnd.h">
      <Filter>头文件</Filter>
    </ClInclude>
    <ClInclude Include="VideoWnd.h">
      <Filter>头文件</Filter>
    </ClInclude>
    <ClInclude Include="meetingdemo.h">
      <Filter>头文件</Filter>
    </ClInclude>
  </ItemGroup>
  <ItemGroup>
    <ClCompile Include="DisplayVideoWnd.cpp">
      <Filter>源文件</Filter>
    </ClCompile>
    <ClCompile Include="DuiFrameWnd.cpp">
      <Filter>源文件</Filter>
    </ClCompile>
    <ClCompile Include="DuiLoginErrorWnd.cpp">
      <Filter>源文件</Filter>
    </ClCompile>
    <ClCompile Include="DuiLoginWaitWnd.cpp">
      <Filter>源文件</Filter>
    </ClCompile>
    <ClCompile Include="DuiLoginWnd.cpp">
      <Filter>源文件</Filter>
    </ClCompile>
    <ClCompile Include="DuiSettingWnd.cpp">
      <Filter>源文件</Filter>
    </ClCompile>
    <ClCompile Include="FloatWnd.cpp">
      <Filter>源文件</Filter>
    </ClCompile>
    <ClCompile Include="MessageBox.cpp">
      <Filter>源文件</Filter>
    </ClCompile>
    <ClCompile Include="SdkManager.cpp">
      <Filter>源文件</Filter>
    </ClCompile>
    <ClCompile Include="ToolbarMenu.cpp">
      <Filter>源文件</Filter>
    </ClCompile>
    <ClCompile Include="VideoWndMgr.cpp">
      <Filter>源文件</Filter>
    </ClCompile>
    <ClCompile Include="ConfigParser.cpp">
      <Filter>源文件</Filter>
    </ClCompile>
    <ClCompile Include="aes.cpp">
      <Filter>dependence</Filter>
    </ClCompile>
    <ClCompile Include="tinyxml2.cpp">
      <Filter>dependence</Filter>
    </ClCompile>
    <ClCompile Include="UICrack.cpp">
      <Filter>dependence</Filter>
    </ClCompile>
    <ClCompile Include="UIMenu.cpp">
      <Filter>dependence</Filter>
    </ClCompile>
    <ClCompile Include="stdafx.cpp">
      <Filter>dependence</Filter>
    </ClCompile>
    <ClCompile Include="MediaInfoWnd.cpp">
      <Filter>源文件</Filter>
    </ClCompile>
    <ClCompile Include="VideoWnd.cpp">
      <Filter>源文件</Filter>
    </ClCompile>
    <ClCompile Include="meetingdemo.cpp">
      <Filter>源文件</Filter>
    </ClCompile>
  </ItemGroup>
  <ItemGroup>
    <ResourceCompile Include="meetingdemo.rc">
      <Filter>资源文件</Filter>
    </ResourceCompile>
  </ItemGroup>
  <ItemGroup>
    <Image Include="..\Debug\skin\img\windows.ico">
      <Filter>资源文件</Filter>
    </Image>
  </ItemGroup>
</Project>